
Microsoft Visual Studio Solution File, Format Version 12.00
# Visual Studio Version 17
VisualStudioVersion = 17.7.34031.279
MinimumVisualStudioVersion = 10.0.40219.1
Project("{FAE04EC0-301F-11D3-BF4B-00C04F79EFBC}") = "SistemaRecursosHumanos", "SistemaRecursosHumanos\SistemaRecursosHumanos.csproj", "{0E893C8A-DFF7-4380-AF49-41B9583ABECE}"
EndProject
Global
	GlobalSection(SolutionConfigurationPlatforms) = preSolution
		Debug|Any CPU = Debug|Any CPU
		Release|Any CPU = Release|Any CPU
	EndGlobalSection
	GlobalSection(ProjectConfigurationPlatforms) = postSolution
		{0E893C8A-DFF7-4380-AF49-41B9583ABECE}.Debug|Any CPU.ActiveCfg = Debug|Any CPU
		{0E893C8A-DFF7-4380-AF49-41B9583ABECE}.Debug|Any CPU.Build.0 = Debug|Any CPU
		{0E893C8A-DFF7-4380-AF49-41B9583ABECE}.Release|Any CPU.ActiveCfg = Release|Any CPU
		{0E893C8A-DFF7-4380-AF49-41B9583ABECE}.Release|Any CPU.Build.0 = Release|Any CPU
	EndGlobalSection
	GlobalSection(SolutionProperties) = preSolution
		HideSolutionNode = FALSE
	EndGlobalSection
	GlobalSection(ExtensibilityGlobals) = postSolution
		SolutionGuid = {C8EAA440-A792-4273-B90E-00F221B5FF71}
	EndGlobalSection
EndGlobal
